
Microsoft Visual Studio Solution File, Format Version 12.00
# Visual Studio Version 17
VisualStudioVersion = 17.0.31903.59
MinimumVisualStudioVersion = 10.0.40219.1
Project("{FAE04EC0-301F-11D3-BF4B-00C04F79EFBC}") = "API", "API\API.csproj", "{1CD9DA89-31A3-477A-B995-C8B47628361A}"
EndProject
Project("{FAE04EC0-301F-11D3-BF4B-00C04F79EFBC}") = "Application", "Application\Application.csproj", "{C6B35E6E-4A65-409D-96E0-93599C352BF9}"
EndProject
Project("{FAE04EC0-301F-11D3-BF4B-00C04F79EFBC}") = "Domain", "Domain\Domain.csproj", "{AD43C179-5CE2-499C-9400-0698CF3066F7}"
EndProject
Project("{FAE04EC0-301F-11D3-BF4B-00C04F79EFBC}") = "Persistence", "Persistence\Persistence.csproj", "{B75DD7AE-3263-4CA5-A90D-9EF89B70D54A}"
EndProject
Global
	GlobalSection(SolutionConfigurationPlatforms) = preSolution
		Debug|Any CPU = Debug|Any CPU
		Release|Any CPU = Release|Any CPU
	EndGlobalSection
	GlobalSection(SolutionProperties) = preSolution
		HideSolutionNode = FALSE
	EndGlobalSection
	GlobalSection(ProjectConfigurationPlatforms) = postSolution
		{1CD9DA89-31A3-477A-B995-C8B47628361A}.Debug|Any CPU.ActiveCfg = Debug|Any CPU
		{1CD9DA89-31A3-477A-B995-C8B47628361A}.Debug|Any CPU.Build.0 = Debug|Any CPU
		{1CD9DA89-31A3-477A-B995-C8B47628361A}.Release|Any CPU.ActiveCfg = Release|Any CPU
		{1CD9DA89-31A3-477A-B995-C8B47628361A}.Release|Any CPU.Build.0 = Release|Any CPU
		{C6B35E6E-4A65-409D-96E0-93599C352BF9}.Debug|Any CPU.ActiveCfg = Debug|Any CPU
		{C6B35E6E-4A65-409D-96E0-93599C352BF9}.Debug|Any CPU.Build.0 = Debug|Any CPU
		{C6B35E6E-4A65-409D-96E0-93599C352BF9}.Release|Any CPU.ActiveCfg = Release|Any CPU
		{C6B35E6E-4A65-409D-96E0-93599C352BF9}.Release|Any CPU.Build.0 = Release|Any CPU
		{AD43C179-5CE2-499C-9400-0698CF3066F7}.Debug|Any CPU.ActiveCfg = Debug|Any CPU
		{AD43C179-5CE2-499C-9400-0698CF3066F7}.Debug|Any CPU.Build.0 = Debug|Any CPU
		{AD43C179-5CE2-499C-9400-0698CF3066F7}.Release|Any CPU.ActiveCfg = Release|Any CPU
		{AD43C179-5CE2-499C-9400-0698CF3066F7}.Release|Any CPU.Build.0 = Release|Any CPU
		{B75DD7AE-3263-4CA5-A90D-9EF89B70D54A}.Debug|Any CPU.ActiveCfg = Debug|Any CPU
		{B75DD7AE-3263-4CA5-A90D-9EF89B70D54A}.Debug|Any CPU.Build.0 = Debug|Any CPU
		{B75DD7AE-3263-4CA5-A90D-9EF89B70D54A}.Release|Any CPU.ActiveCfg = Release|Any CPU
		{B75DD7AE-3263-4CA5-A90D-9EF89B70D54A}.Release|Any CPU.Build.0 = Release|Any CPU
	EndGlobalSection
EndGlobal
